
Microsoft Visual Studio Solution File, Format Version 12.00
# Visual Studio 15
VisualStudioVersion = 15.0.26403.7
MinimumVisualStudioVersion = 10.0.40219.1
Project("{FAE04EC0-301F-11D3-BF4B-00C04F79EFBC}") = "Blog", "Blog\Blog.csproj", "{4E2B8B13-8D95-4847-B0E8-99B9E343F15B}"
EndProject
Project("{FAE04EC0-301F-11D3-BF4B-00C04F79EFBC}") = "Blog.Unit.Tests", "Blog.Unit.Tests\Blog.Unit.Tests.csproj", "{3591D621-73EC-4BEC-B255-39BA73480850}"
EndProject
Project("{FAE04EC0-301F-11D3-BF4B-00C04F79EFBC}") = "Blog.Integration.Tests", "Blog.Integration.Tests\Blog.Integration.Tests.csproj", "{C039C7E7-6A0E-4050-9FD3-7FB6467F517E}"
EndProject
Project("{FAE04EC0-301F-11D3-BF4B-00C04F79EFBC}") = "Blog.UI.Tests", "Blog.UI.Tests\Blog.UI.Tests.csproj", "{51B73D05-93EB-4A02-826F-73A6D25B39E0}"
EndProject
Global
	GlobalSection(SolutionConfigurationPlatforms) = preSolution
		Debug|Any CPU = Debug|Any CPU
		Release|Any CPU = Release|Any CPU
	EndGlobalSection
	GlobalSection(ProjectConfigurationPlatforms) = postSolution
		{4E2B8B13-8D95-4847-B0E8-99B9E343F15B}.Debug|Any CPU.ActiveCfg = Debug|Any CPU
		{4E2B8B13-8D95-4847-B0E8-99B9E343F15B}.Debug|Any CPU.Build.0 = Debug|Any CPU
		{4E2B8B13-8D95-4847-B0E8-99B9E343F15B}.Release|Any CPU.ActiveCfg = Release|Any CPU
		{4E2B8B13-8D95-4847-B0E8-99B9E343F15B}.Release|Any CPU.Build.0 = Release|Any CPU
		{3591D621-73EC-4BEC-B255-39BA73480850}.Debug|Any CPU.ActiveCfg = Debug|Any CPU
		{3591D621-73EC-4BEC-B255-39BA73480850}.Debug|Any CPU.Build.0 = Debug|Any CPU
		{3591D621-73EC-4BEC-B255-39BA73480850}.Release|Any CPU.ActiveCfg = Release|Any CPU
		{3591D621-73EC-4BEC-B255-39BA73480850}.Release|Any CPU.Build.0 = Release|Any CPU
		{C039C7E7-6A0E-4050-9FD3-7FB6467F517E}.Debug|Any CPU.ActiveCfg = Debug|Any CPU
		{C039C7E7-6A0E-4050-9FD3-7FB6467F517E}.Debug|Any CPU.Build.0 = Debug|Any CPU
		{C039C7E7-6A0E-4050-9FD3-7FB6467F517E}.Release|Any CPU.ActiveCfg = Release|Any CPU
		{C039C7E7-6A0E-4050-9FD3-7FB6467F517E}.Release|Any CPU.Build.0 = Release|Any CPU
		{51B73D05-93EB-4A02-826F-73A6D25B39E0}.Debug|Any CPU.ActiveCfg = Debug|Any CPU
		{51B73D05-93EB-4A02-826F-73A6D25B39E0}.Debug|Any CPU.Build.0 = Debug|Any CPU
		{51B73D05-93EB-4A02-826F-73A6D25B39E0}.Release|Any CPU.ActiveCfg = Release|Any CPU
		{51B73D05-93EB-4A02-826F-73A6D25B39E0}.Release|Any CPU.Build.0 = Release|Any CPU
	EndGlobalSection
	GlobalSection(SolutionProperties) = preSolution
		HideSolutionNode = FALSE
	EndGlobalSection
EndGlobal
